
Microsoft Visual Studio Solution File, Format Version 12.00
# Visual Studio Version 17
VisualStudioVersion = 17.3.32901.215
MinimumVisualStudioVersion = 10.0.40219.1
Project("{9A19103F-16F7-4668-BE54-9A1E7A4F7556}") = "DataCaptureConsoleApp", "DataCaptureConsoleApp\DataCaptureConsoleApp.csproj", "{0BB07AC1-7B0C-4DF7-BAF3-23CF6CEE48D4}"
EndProject
Project("{9A19103F-16F7-4668-BE54-9A1E7A4F7556}") = "MainProcessingConsoleApp", "MainProcessingConsoleApp\MainProcessingConsoleApp.csproj", "{5D280AB6-16AD-4CD2-AE23-0A6AAF4AD0C4}"
EndProject
Project("{9A19103F-16F7-4668-BE54-9A1E7A4F7556}") = "Common", "Common\Common.csproj", "{29667B64-F245-46A3-83CD-68E070323478}"
EndProject
Global
	GlobalSection(SolutionConfigurationPlatforms) = preSolution
		Debug|Any CPU = Debug|Any CPU
		Release|Any CPU = Release|Any CPU
	EndGlobalSection
	GlobalSection(ProjectConfigurationPlatforms) = postSolution
		{0BB07AC1-7B0C-4DF7-BAF3-23CF6CEE48D4}.Debug|Any CPU.ActiveCfg = Debug|Any CPU
		{0BB07AC1-7B0C-4DF7-BAF3-23CF6CEE48D4}.Debug|Any CPU.Build.0 = Debug|Any CPU
		{0BB07AC1-7B0C-4DF7-BAF3-23CF6CEE48D4}.Release|Any CPU.ActiveCfg = Release|Any CPU
		{0BB07AC1-7B0C-4DF7-BAF3-23CF6CEE48D4}.Release|Any CPU.Build.0 = Release|Any CPU
		{5D280AB6-16AD-4CD2-AE23-0A6AAF4AD0C4}.Debug|Any CPU.ActiveCfg = Debug|Any CPU
		{5D280AB6-16AD-4CD2-AE23-0A6AAF4AD0C4}.Debug|Any CPU.Build.0 = Debug|Any CPU
		{5D280AB6-16AD-4CD2-AE23-0A6AAF4AD0C4}.Release|Any CPU.ActiveCfg = Release|Any CPU
		{5D280AB6-16AD-4CD2-AE23-0A6AAF4AD0C4}.Release|Any CPU.Build.0 = Release|Any CPU
		{29667B64-F245-46A3-83CD-68E070323478}.Debug|Any CPU.ActiveCfg = Debug|Any CPU
		{29667B64-F245-46A3-83CD-68E070323478}.Debug|Any CPU.Build.0 = Debug|Any CPU
		{29667B64-F245-46A3-83CD-68E070323478}.Release|Any CPU.ActiveCfg = Release|Any CPU
		{29667B64-F245-46A3-83CD-68E070323478}.Release|Any CPU.Build.0 = Release|Any CPU
	EndGlobalSection
	GlobalSection(SolutionProperties) = preSolution
		HideSolutionNode = FALSE
	EndGlobalSection
	GlobalSection(ExtensibilityGlobals) = postSolution
		SolutionGuid = {1DAC6C70-0D96-48D5-A422-9B8F1A31CE10}
	EndGlobalSection
EndGlobal
